
Microsoft Visual Studio Solution File, Format Version 12.00
# Visual Studio Version 16
VisualStudioVersion = 16.0.33027.164
MinimumVisualStudioVersion = 10.0.40219.1
Project("{FAE04EC0-301F-11D3-BF4B-00C04F79EFBC}") = "two-dimensional-arrays", "two-dimensional-arrays\two-dimensional-arrays.csproj", "{5A9BF2D9-8403-413A-B35B-4D8381A45AF3}"
EndProject
Global
	GlobalSection(SolutionConfigurationPlatforms) = preSolution
		Debug|Any CPU = Debug|Any CPU
		Release|Any CPU = Release|Any CPU
	EndGlobalSection
	GlobalSection(ProjectConfigurationPlatforms) = postSolution
		{5A9BF2D9-8403-413A-B35B-4D8381A45AF3}.Debug|Any CPU.ActiveCfg = Debug|Any CPU
		{5A9BF2D9-8403-413A-B35B-4D8381A45AF3}.Debug|Any CPU.Build.0 = Debug|Any CPU
		{5A9BF2D9-8403-413A-B35B-4D8381A45AF3}.Release|Any CPU.ActiveCfg = Release|Any CPU
		{5A9BF2D9-8403-413A-B35B-4D8381A45AF3}.Release|Any CPU.Build.0 = Release|Any CPU
	EndGlobalSection
	GlobalSection(SolutionProperties) = preSolution
		HideSolutionNode = FALSE
	EndGlobalSection
	GlobalSection(ExtensibilityGlobals) = postSolution
		SolutionGuid = {A85C0CD5-77A0-43DC-A267-59B0EE7CAA78}
	EndGlobalSection
EndGlobal
