
Microsoft Visual Studio Solution File, Format Version 12.00
# Visual Studio Version 16
VisualStudioVersion = 16.0.33027.164
MinimumVisualStudioVersion = 10.0.40219.1
Project("{FAE04EC0-301F-11D3-BF4B-00C04F79EFBC}") = "if-statements", "if-statements\if-statements.csproj", "{71C3779B-6E2B-4B4D-8A94-304732820F97}"
EndProject
Global
	GlobalSection(SolutionConfigurationPlatforms) = preSolution
		Debug|Any CPU = Debug|Any CPU
		Release|Any CPU = Release|Any CPU
	EndGlobalSection
	GlobalSection(ProjectConfigurationPlatforms) = postSolution
		{71C3779B-6E2B-4B4D-8A94-304732820F97}.Debug|Any CPU.ActiveCfg = Debug|Any CPU
		{71C3779B-6E2B-4B4D-8A94-304732820F97}.Debug|Any CPU.Build.0 = Debug|Any CPU
		{71C3779B-6E2B-4B4D-8A94-304732820F97}.Release|Any CPU.ActiveCfg = Release|Any CPU
		{71C3779B-6E2B-4B4D-8A94-304732820F97}.Release|Any CPU.Build.0 = Release|Any CPU
	EndGlobalSection
	GlobalSection(SolutionProperties) = preSolution
		HideSolutionNode = FALSE
	EndGlobalSection
	GlobalSection(ExtensibilityGlobals) = postSolution
		SolutionGuid = {3107474F-340A-4018-B4B0-BE91119563A9}
	EndGlobalSection
EndGlobal
