
Microsoft Visual Studio Solution File, Format Version 12.00
# Visual Studio Version 16
VisualStudioVersion = 16.0.33027.164
MinimumVisualStudioVersion = 10.0.40219.1
Project("{FAE04EC0-301F-11D3-BF4B-00C04F79EFBC}") = "inheritance", "inheritance\inheritance.csproj", "{6B5666A9-2999-4C64-8D81-C618EE15AB1B}"
EndProject
Global
	GlobalSection(SolutionConfigurationPlatforms) = preSolution
		Debug|Any CPU = Debug|Any CPU
		Release|Any CPU = Release|Any CPU
	EndGlobalSection
	GlobalSection(ProjectConfigurationPlatforms) = postSolution
		{6B5666A9-2999-4C64-8D81-C618EE15AB1B}.Debug|Any CPU.ActiveCfg = Debug|Any CPU
		{6B5666A9-2999-4C64-8D81-C618EE15AB1B}.Debug|Any CPU.Build.0 = Debug|Any CPU
		{6B5666A9-2999-4C64-8D81-C618EE15AB1B}.Release|Any CPU.ActiveCfg = Release|Any CPU
		{6B5666A9-2999-4C64-8D81-C618EE15AB1B}.Release|Any CPU.Build.0 = Release|Any CPU
	EndGlobalSection
	GlobalSection(SolutionProperties) = preSolution
		HideSolutionNode = FALSE
	EndGlobalSection
	GlobalSection(ExtensibilityGlobals) = postSolution
		SolutionGuid = {CC004ED5-29CB-4375-80EA-19123E9DF2DD}
	EndGlobalSection
EndGlobal
