
Microsoft Visual Studio Solution File, Format Version 12.00
# Visual Studio Version 16
VisualStudioVersion = 16.0.33027.164
MinimumVisualStudioVersion = 10.0.40219.1
Project("{FAE04EC0-301F-11D3-BF4B-00C04F79EFBC}") = "arrays", "arrays\arrays.csproj", "{6C816E2F-1DED-4C4F-82AB-DDB6D40343F3}"
EndProject
Global
	GlobalSection(SolutionConfigurationPlatforms) = preSolution
		Debug|Any CPU = Debug|Any CPU
		Release|Any CPU = Release|Any CPU
	EndGlobalSection
	GlobalSection(ProjectConfigurationPlatforms) = postSolution
		{6C816E2F-1DED-4C4F-82AB-DDB6D40343F3}.Debug|Any CPU.ActiveCfg = Debug|Any CPU
		{6C816E2F-1DED-4C4F-82AB-DDB6D40343F3}.Debug|Any CPU.Build.0 = Debug|Any CPU
		{6C816E2F-1DED-4C4F-82AB-DDB6D40343F3}.Release|Any CPU.ActiveCfg = Release|Any CPU
		{6C816E2F-1DED-4C4F-82AB-DDB6D40343F3}.Release|Any CPU.Build.0 = Release|Any CPU
	EndGlobalSection
	GlobalSection(SolutionProperties) = preSolution
		HideSolutionNode = FALSE
	EndGlobalSection
	GlobalSection(ExtensibilityGlobals) = postSolution
		SolutionGuid = {37564270-4BED-4F47-802F-3DBA9306606D}
	EndGlobalSection
EndGlobal
