
Microsoft Visual Studio Solution File, Format Version 12.00
# Visual Studio Version 16
VisualStudioVersion = 16.0.33027.164
MinimumVisualStudioVersion = 10.0.40219.1
Project("{FAE04EC0-301F-11D3-BF4B-00C04F79EFBC}") = "strings", "strings\strings.csproj", "{D1CCE60B-083C-4056-BC81-FB9454555E17}"
EndProject
Global
	GlobalSection(SolutionConfigurationPlatforms) = preSolution
		Debug|Any CPU = Debug|Any CPU
		Release|Any CPU = Release|Any CPU
	EndGlobalSection
	GlobalSection(ProjectConfigurationPlatforms) = postSolution
		{D1CCE60B-083C-4056-BC81-FB9454555E17}.Debug|Any CPU.ActiveCfg = Debug|Any CPU
		{D1CCE60B-083C-4056-BC81-FB9454555E17}.Debug|Any CPU.Build.0 = Debug|Any CPU
		{D1CCE60B-083C-4056-BC81-FB9454555E17}.Release|Any CPU.ActiveCfg = Release|Any CPU
		{D1CCE60B-083C-4056-BC81-FB9454555E17}.Release|Any CPU.Build.0 = Release|Any CPU
	EndGlobalSection
	GlobalSection(SolutionProperties) = preSolution
		HideSolutionNode = FALSE
	EndGlobalSection
	GlobalSection(ExtensibilityGlobals) = postSolution
		SolutionGuid = {96D742B8-FEF8-49C4-9077-077449C6F2A8}
	EndGlobalSection
EndGlobal
