
Microsoft Visual Studio Solution File, Format Version 12.00
# Visual Studio Version 16
VisualStudioVersion = 16.0.33027.164
MinimumVisualStudioVersion = 10.0.40219.1
Project("{FAE04EC0-301F-11D3-BF4B-00C04F79EFBC}") = "guessing-game", "guessing-game\guessing-game.csproj", "{0A9FA47B-B63A-4659-A357-43A4A5DEE8E5}"
EndProject
Global
	GlobalSection(SolutionConfigurationPlatforms) = preSolution
		Debug|Any CPU = Debug|Any CPU
		Release|Any CPU = Release|Any CPU
	EndGlobalSection
	GlobalSection(ProjectConfigurationPlatforms) = postSolution
		{0A9FA47B-B63A-4659-A357-43A4A5DEE8E5}.Debug|Any CPU.ActiveCfg = Debug|Any CPU
		{0A9FA47B-B63A-4659-A357-43A4A5DEE8E5}.Debug|Any CPU.Build.0 = Debug|Any CPU
		{0A9FA47B-B63A-4659-A357-43A4A5DEE8E5}.Release|Any CPU.ActiveCfg = Release|Any CPU
		{0A9FA47B-B63A-4659-A357-43A4A5DEE8E5}.Release|Any CPU.Build.0 = Release|Any CPU
	EndGlobalSection
	GlobalSection(SolutionProperties) = preSolution
		HideSolutionNode = FALSE
	EndGlobalSection
	GlobalSection(ExtensibilityGlobals) = postSolution
		SolutionGuid = {35E7212E-4328-4423-951E-411A3BFCFED2}
	EndGlobalSection
EndGlobal
